
Microsoft Visual Studio Solution File, Format Version 12.00
Project("{FAE04EC0-301F-11D3-BF4B-00C04F79EFBC}") = "NIPApplication", "NIPApplication\NIPApplication.csproj", "{D2C1ACD0-FBA8-4C3D-B31E-6BBBE76E17FD}"
EndProject
Project("{FAE04EC0-301F-11D3-BF4B-00C04F79EFBC}") = "NIPApplication.Tests", "NIPApplication.Tests\NIPApplication.Tests.csproj", "{80013884-D869-47EF-9FC0-06BE3A4927A0}"
EndProject
Global
	GlobalSection(SolutionConfigurationPlatforms) = preSolution
		Debug|Any CPU = Debug|Any CPU
		Release|Any CPU = Release|Any CPU
	EndGlobalSection
	GlobalSection(ProjectConfigurationPlatforms) = postSolution
		{D2C1ACD0-FBA8-4C3D-B31E-6BBBE76E17FD}.Debug|Any CPU.ActiveCfg = Debug|Any CPU
		{D2C1ACD0-FBA8-4C3D-B31E-6BBBE76E17FD}.Debug|Any CPU.Build.0 = Debug|Any CPU
		{D2C1ACD0-FBA8-4C3D-B31E-6BBBE76E17FD}.Release|Any CPU.ActiveCfg = Release|Any CPU
		{D2C1ACD0-FBA8-4C3D-B31E-6BBBE76E17FD}.Release|Any CPU.Build.0 = Release|Any CPU
		{80013884-D869-47EF-9FC0-06BE3A4927A0}.Debug|Any CPU.ActiveCfg = Debug|Any CPU
		{80013884-D869-47EF-9FC0-06BE3A4927A0}.Debug|Any CPU.Build.0 = Debug|Any CPU
		{80013884-D869-47EF-9FC0-06BE3A4927A0}.Release|Any CPU.ActiveCfg = Release|Any CPU
		{80013884-D869-47EF-9FC0-06BE3A4927A0}.Release|Any CPU.Build.0 = Release|Any CPU
	EndGlobalSection
EndGlobal
